
Microsoft Visual Studio Solution File, Format Version 12.00
# Visual Studio Version 17
VisualStudioVersion = 17.0.32112.339
MinimumVisualStudioVersion = 10.0.40219.1
Project("{9A19103F-16F7-4668-BE54-9A1E7A4F7556}") = "QuickMaths.CMD", "QuickMaths.CMD\QuickMaths.CMD.csproj", "{0A3085BB-D658-4010-8C40-191CE05B67D3}"
EndProject
Project("{2150E333-8FDC-42A3-9474-1A3956D46DE8}") = "Solution Items", "Solution Items", "{F08F3AD3-2F6D-47D2-8200-CD8B32F24096}"
	ProjectSection(SolutionItems) = preProject
		.editorconfig = .editorconfig
	EndProjectSection
EndProject
Project("{9A19103F-16F7-4668-BE54-9A1E7A4F7556}") = "QuickMaths.General", "QuickMaths.General\QuickMaths.General.csproj", "{F1F76E13-1806-4404-87FC-7A56584BB2F9}"
EndProject
Project("{9A19103F-16F7-4668-BE54-9A1E7A4F7556}") = "QuickMaths.General.Tests", "QuickMaths.General.Tests\QuickMaths.General.Tests.csproj", "{6E01F1FC-6648-449E-9CD1-D11F12461754}"
EndProject
Project("{9A19103F-16F7-4668-BE54-9A1E7A4F7556}") = "QuickMaths.Functions", "QuickMaths.Functions\QuickMaths.Functions.csproj", "{9C035717-EACE-4573-BE5A-E26811BE7D36}"
EndProject
Project("{9A19103F-16F7-4668-BE54-9A1E7A4F7556}") = "QuickMaths.Functions.Tests", "QuickMaths.Functions.Tests\QuickMaths.Functions.Tests.csproj", "{B1521E03-6CFC-425D-8D43-65D095AE083E}"
EndProject
Project("{9A19103F-16F7-4668-BE54-9A1E7A4F7556}") = "QuickMaths.Matrices", "QuickMaths.Matrices\QuickMaths.Matrices.csproj", "{F3B9D977-D116-4047-B096-02C4A56F071E}"
EndProject
Project("{9A19103F-16F7-4668-BE54-9A1E7A4F7556}") = "QuickMaths.Matrices.Tests", "QuickMaths.Matrices.Tests\QuickMaths.Matrices.Tests.csproj", "{AB976E34-E600-425B-A0AA-19D8A5A3ECEF}"
EndProject
Global
	GlobalSection(SolutionConfigurationPlatforms) = preSolution
		Debug|Any CPU = Debug|Any CPU
		Release|Any CPU = Release|Any CPU
	EndGlobalSection
	GlobalSection(ProjectConfigurationPlatforms) = postSolution
		{0A3085BB-D658-4010-8C40-191CE05B67D3}.Debug|Any CPU.ActiveCfg = Debug|Any CPU
		{0A3085BB-D658-4010-8C40-191CE05B67D3}.Debug|Any CPU.Build.0 = Debug|Any CPU
		{0A3085BB-D658-4010-8C40-191CE05B67D3}.Release|Any CPU.ActiveCfg = Release|Any CPU
		{0A3085BB-D658-4010-8C40-191CE05B67D3}.Release|Any CPU.Build.0 = Release|Any CPU
		{F1F76E13-1806-4404-87FC-7A56584BB2F9}.Debug|Any CPU.ActiveCfg = Debug|Any CPU
		{F1F76E13-1806-4404-87FC-7A56584BB2F9}.Debug|Any CPU.Build.0 = Debug|Any CPU
		{F1F76E13-1806-4404-87FC-7A56584BB2F9}.Release|Any CPU.ActiveCfg = Release|Any CPU
		{F1F76E13-1806-4404-87FC-7A56584BB2F9}.Release|Any CPU.Build.0 = Release|Any CPU
		{6E01F1FC-6648-449E-9CD1-D11F12461754}.Debug|Any CPU.ActiveCfg = Debug|Any CPU
		{6E01F1FC-6648-449E-9CD1-D11F12461754}.Debug|Any CPU.Build.0 = Debug|Any CPU
		{6E01F1FC-6648-449E-9CD1-D11F12461754}.Release|Any CPU.ActiveCfg = Release|Any CPU
		{6E01F1FC-6648-449E-9CD1-D11F12461754}.Release|Any CPU.Build.0 = Release|Any CPU
		{9C035717-EACE-4573-BE5A-E26811BE7D36}.Debug|Any CPU.ActiveCfg = Debug|Any CPU
		{9C035717-EACE-4573-BE5A-E26811BE7D36}.Debug|Any CPU.Build.0 = Debug|Any CPU
		{9C035717-EACE-4573-BE5A-E26811BE7D36}.Release|Any CPU.ActiveCfg = Release|Any CPU
		{9C035717-EACE-4573-BE5A-E26811BE7D36}.Release|Any CPU.Build.0 = Release|Any CPU
		{B1521E03-6CFC-425D-8D43-65D095AE083E}.Debug|Any CPU.ActiveCfg = Debug|Any CPU
		{B1521E03-6CFC-425D-8D43-65D095AE083E}.Debug|Any CPU.Build.0 = Debug|Any CPU
		{B1521E03-6CFC-425D-8D43-65D095AE083E}.Release|Any CPU.ActiveCfg = Release|Any CPU
		{B1521E03-6CFC-425D-8D43-65D095AE083E}.Release|Any CPU.Build.0 = Release|Any CPU
		{F3B9D977-D116-4047-B096-02C4A56F071E}.Debug|Any CPU.ActiveCfg = Debug|Any CPU
		{F3B9D977-D116-4047-B096-02C4A56F071E}.Debug|Any CPU.Build.0 = Debug|Any CPU
		{F3B9D977-D116-4047-B096-02C4A56F071E}.Release|Any CPU.ActiveCfg = Release|Any CPU
		{F3B9D977-D116-4047-B096-02C4A56F071E}.Release|Any CPU.Build.0 = Release|Any CPU
		{AB976E34-E600-425B-A0AA-19D8A5A3ECEF}.Debug|Any CPU.ActiveCfg = Debug|Any CPU
		{AB976E34-E600-425B-A0AA-19D8A5A3ECEF}.Debug|Any CPU.Build.0 = Debug|Any CPU
		{AB976E34-E600-425B-A0AA-19D8A5A3ECEF}.Release|Any CPU.ActiveCfg = Release|Any CPU
		{AB976E34-E600-425B-A0AA-19D8A5A3ECEF}.Release|Any CPU.Build.0 = Release|Any CPU
	EndGlobalSection
	GlobalSection(SolutionProperties) = preSolution
		HideSolutionNode = FALSE
	EndGlobalSection
	GlobalSection(ExtensibilityGlobals) = postSolution
		SolutionGuid = {4567B7D2-41C0-42F8-88BC-43DDCA52184E}
	EndGlobalSection
EndGlobal
